
Microsoft Visual Studio Solution File, Format Version 12.00
# Visual Studio Version 16
VisualStudioVersion = 16.0.30104.148
MinimumVisualStudioVersion = 10.0.40219.1
Project("{FAE04EC0-301F-11D3-BF4B-00C04F79EFBC}") = "WpfWeatherDemo", "WpfWeatherDemo\WpfWeatherDemo.csproj", "{5AD9CD77-C51C-445A-8D16-39C8A39AF6BE}"
EndProject
Global
	GlobalSection(SolutionConfigurationPlatforms) = preSolution
		Debug|Any CPU = Debug|Any CPU
		Release|Any CPU = Release|Any CPU
	EndGlobalSection
	GlobalSection(ProjectConfigurationPlatforms) = postSolution
		{5AD9CD77-C51C-445A-8D16-39C8A39AF6BE}.Debug|Any CPU.ActiveCfg = Debug|Any CPU
		{5AD9CD77-C51C-445A-8D16-39C8A39AF6BE}.Debug|Any CPU.Build.0 = Debug|Any CPU
		{5AD9CD77-C51C-445A-8D16-39C8A39AF6BE}.Release|Any CPU.ActiveCfg = Release|Any CPU
		{5AD9CD77-C51C-445A-8D16-39C8A39AF6BE}.Release|Any CPU.Build.0 = Release|Any CPU
	EndGlobalSection
	GlobalSection(SolutionProperties) = preSolution
		HideSolutionNode = FALSE
	EndGlobalSection
	GlobalSection(ExtensibilityGlobals) = postSolution
		SolutionGuid = {A0EE9C6A-3C1D-4199-9E45-126589F1A414}
	EndGlobalSection
EndGlobal
